
Microsoft Visual Studio Solution File, Format Version 12.00
# Visual Studio 15
VisualStudioVersion = 15.0.28307.489
MinimumVisualStudioVersion = 10.0.40219.1
Project("{FAE04EC0-301F-11D3-BF4B-00C04F79EFBC}") = "ConsoleApp1", "ConsoleApp1\ConsoleApp1.csproj", "{46E90C3B-B719-47E5-96EA-F0A338F43CFA}"
EndProject
Global
	GlobalSection(SolutionConfigurationPlatforms) = preSolution
		Debug|Any CPU = Debug|Any CPU
		Release|Any CPU = Release|Any CPU
	EndGlobalSection
	GlobalSection(ProjectConfigurationPlatforms) = postSolution
		{46E90C3B-B719-47E5-96EA-F0A338F43CFA}.Debug|Any CPU.ActiveCfg = Debug|Any CPU
		{46E90C3B-B719-47E5-96EA-F0A338F43CFA}.Debug|Any CPU.Build.0 = Debug|Any CPU
		{46E90C3B-B719-47E5-96EA-F0A338F43CFA}.Release|Any CPU.ActiveCfg = Release|Any CPU
		{46E90C3B-B719-47E5-96EA-F0A338F43CFA}.Release|Any CPU.Build.0 = Release|Any CPU
	EndGlobalSection
	GlobalSection(SolutionProperties) = preSolution
		HideSolutionNode = FALSE
	EndGlobalSection
	GlobalSection(ExtensibilityGlobals) = postSolution
		SolutionGuid = {8854E7A4-6409-41C9-AE8E-15ADBBC86490}
	EndGlobalSection
EndGlobal
